// !$*UTF8*$!
{
	archiveVersion = 1;
	classes = {
	};
	objectVersion = 46;
	objects = {

/* Begin PBXBuildFile section */
		90F3A56F1B0D4F52003FFDFD /* SKButton.swift in Sources */ = {isa = PBXBuildFile; fileRef = 90F3A56E1B0D4F52003FFDFD /* SKButton.swift */; };
		90F3A5731B0FC295003FFDFD /* button.png in Resources */ = {isa = PBXBuildFile; fileRef = 90F3A5721B0FC295003FFDFD /* button.png */; };
		90F3A57D1B1143F5003FFDFD /* space.png in Resources */ = {isa = PBXBuildFile; fileRef = 90F3A57C1B1143F5003FFDFD /* space.png */; };
		90F3A57F1B114456003FFDFD /* close.png in Resources */ = {isa = PBXBuildFile; fileRef = 90F3A57E1B114456003FFDFD /* close.png */; };
		90F3A5821B13CEF6003FFDFD /* OptionPanel.swift in Sources */ = {isa = PBXBuildFile; fileRef = 90F3A5811B13CEF6003FFDFD /* OptionPanel.swift */; };
		90F3A5861B1546C5003FFDFD /* LevelData.swift in Sources */ = {isa = PBXBuildFile; fileRef = 90F3A5851B1546C5003FFDFD /* LevelData.swift */; };
		90F3A5881B1546E3003FFDFD /* LevelStore.swift in Sources */ = {isa = PBXBuildFile; fileRef = 90F3A5871B1546E3003FFDFD /* LevelStore.swift */; };
		DF4424F41B0D3DB40031B0FC /* AppDelegate.swift in Sources */ = {isa = PBXBuildFile; fileRef = DF4424F31B0D3DB40031B0FC /* AppDelegate.swift */; };
		DF4424F81B0D3DB40031B0FC /* GameScene.swift in Sources */ = {isa = PBXBuildFile; fileRef = DF4424F71B0D3DB40031B0FC /* GameScene.swift */; };
		DF4424FA1B0D3DB40031B0FC /* GameViewController.swift in Sources */ = {isa = PBXBuildFile; fileRef = DF4424F91B0D3DB40031B0FC /* GameViewController.swift */; };
		DF4424FD1B0D3DB40031B0FC /* Main.storyboard in Resources */ = {isa = PBXBuildFile; fileRef = DF4424FB1B0D3DB40031B0FC /* Main.storyboard */; };
		DF4424FF1B0D3DB40031B0FC /* Images.xcassets in Resources */ = {isa = PBXBuildFile; fileRef = DF4424FE1B0D3DB40031B0FC /* Images.xcassets */; };
		DF4425021B0D3DB40031B0FC /* LaunchScreen.xib in Resources */ = {isa = PBXBuildFile; fileRef = DF4425001B0D3DB40031B0FC /* LaunchScreen.xib */; };
		DF44250E1B0D3DB40031B0FC /* MadBallArenaTests.swift in Sources */ = {isa = PBXBuildFile; fileRef = DF44250D1B0D3DB40031B0FC /* MadBallArenaTests.swift */; };
		DF4425221B0D40180031B0FC /* MenuScene.swift in Sources */ = {isa = PBXBuildFile; fileRef = DF4425211B0D40180031B0FC /* MenuScene.swift */; };
		DF4425281B0D5EB10031B0FC /* LevelSelectionScene.swift in Sources */ = {isa = PBXBuildFile; fileRef = DF4425271B0D5EB10031B0FC /* LevelSelectionScene.swift */; };
		DF44252A1B0FE1790031B0FC /* Ball.swift in Sources */ = {isa = PBXBuildFile; fileRef = DF4425291B0FE1790031B0FC /* Ball.swift */; };
		DF44252D1B0FE2470031B0FC /* NormalBall.swift in Sources */ = {isa = PBXBuildFile; fileRef = DF44252C1B0FE2470031B0FC /* NormalBall.swift */; };
		DF4425301B0FEF890031B0FC /* LevelScene.swift in Sources */ = {isa = PBXBuildFile; fileRef = DF44252F1B0FEF890031B0FC /* LevelScene.swift */; };
		DF4425321B0FF01E0031B0FC /* LevelPanel.swift in Sources */ = {isa = PBXBuildFile; fileRef = DF4425311B0FF01E0031B0FC /* LevelPanel.swift */; };
		DF4425341B0FF1AE0031B0FC /* SKPanel.swift in Sources */ = {isa = PBXBuildFile; fileRef = DF4425331B0FF1AE0031B0FC /* SKPanel.swift */; };
		DF44254C1B1535050031B0FC /* background.png in Resources */ = {isa = PBXBuildFile; fileRef = DF4425451B1535050031B0FC /* background.png */; };
		DF44254D1B1535050031B0FC /* image-placeholder.png in Resources */ = {isa = PBXBuildFile; fileRef = DF4425461B1535050031B0FC /* image-placeholder.png */; };
		DF44254E1B1535050031B0FC /* initial-screen.png in Resources */ = {isa = PBXBuildFile; fileRef = DF4425471B1535050031B0FC /* initial-screen.png */; };
		DF44254F1B1535050031B0FC /* normal-ball.png in Resources */ = {isa = PBXBuildFile; fileRef = DF4425481B1535050031B0FC /* normal-ball.png */; };
		DF4425501B1535050031B0FC /* spinning-ball.png in Resources */ = {isa = PBXBuildFile; fileRef = DF4425491B1535050031B0FC /* spinning-ball.png */; };
		DF4425511B1535050031B0FC /* star-disabled.png in Resources */ = {isa = PBXBuildFile; fileRef = DF44254A1B1535050031B0FC /* star-disabled.png */; };
		DF4425521B1535050031B0FC /* star-enabled.png in Resources */ = {isa = PBXBuildFile; fileRef = DF44254B1B1535050031B0FC /* star-enabled.png */; };
		DF67EDB61B153557004C6C49 /* Stars.swift in Sources */ = {isa = PBXBuildFile; fileRef = DF67EDB51B153557004C6C49 /* Stars.swift */; };
		DF67EDBA1B1538E3004C6C49 /* level1.json in Resources */ = {isa = PBXBuildFile; fileRef = DF67EDB91B1538E3004C6C49 /* level1.json */; };
		DF67EDBC1B153940004C6C49 /* levels.json in Resources */ = {isa = PBXBuildFile; fileRef = DF67EDBB1B153940004C6C49 /* levels.json */; };
		DFEE530E1B0FFDF700408F7E /* bg_circle.png in Resources */ = {isa = PBXBuildFile; fileRef = DFEE530C1B0FFDF700408F7E /* bg_circle.png */; };
		DFEE530F1B0FFDF700408F7E /* bg_rect.png in Resources */ = {isa = PBXBuildFile; fileRef = DFEE530D1B0FFDF700408F7E /* bg_rect.png */; };
/* End PBXBuildFile section */

/* Begin PBXContainerItemProxy section */
		DF4425081B0D3DB40031B0FC /* PBXContainerItemProxy */ = {
			isa = PBXContainerItemProxy;
			containerPortal = DF4424E61B0D3DB40031B0FC /* Project object */;
			proxyType = 1;
			remoteGlobalIDString = DF4424ED1B0D3DB40031B0FC;
			remoteInfo = MadBallArena;
		};
/* End PBXContainerItemProxy section */

/* Begin PBXFileReference section */
		90F3A56E1B0D4F52003FFDFD /* SKButton.swift */ = {isa = PBXFileReference; fileEncoding = 4; lastKnownFileType = sourcecode.swift; path = SKButton.swift; sourceTree = "<group>"; };
		90F3A5721B0FC295003FFDFD /* button.png */ = {isa = PBXFileReference; lastKnownFileType = image.png; path = button.png; sourceTree = "<group>"; };
		90F3A57C1B1143F5003FFDFD /* space.png */ = {isa = PBXFileReference; lastKnownFileType = image.png; path = space.png; sourceTree = "<group>"; };
		90F3A57E1B114456003FFDFD /* close.png */ = {isa = PBXFileReference; lastKnownFileType = image.png; path = close.png; sourceTree = "<group>"; };
		90F3A5811B13CEF6003FFDFD /* OptionPanel.swift */ = {isa = PBXFileReference; fileEncoding = 4; lastKnownFileType = sourcecode.swift; path = OptionPanel.swift; sourceTree = "<group>"; };
		90F3A5851B1546C5003FFDFD /* LevelData.swift */ = {isa = PBXFileReference; fileEncoding = 4; lastKnownFileType = sourcecode.swift; path = LevelData.swift; sourceTree = "<group>"; };
		90F3A5871B1546E3003FFDFD /* LevelStore.swift */ = {isa = PBXFileReference; fileEncoding = 4; lastKnownFileType = sourcecode.swift; path = LevelStore.swift; sourceTree = "<group>"; };
		DF4424EE1B0D3DB40031B0FC /* MadBallArena.app */ = {isa = PBXFileReference; explicitFileType = wrapper.application; includeInIndex = 0; path = MadBallArena.app; sourceTree = BUILT_PRODUCTS_DIR; };
		DF4424F21B0D3DB40031B0FC /* Info.plist */ = {isa = PBXFileReference; lastKnownFileType = text.plist.xml; path = Info.plist; sourceTree = "<group>"; };
		DF4424F31B0D3DB40031B0FC /* AppDelegate.swift */ = {isa = PBXFileReference; lastKnownFileType = sourcecode.swift; path = AppDelegate.swift; sourceTree = "<group>"; };
		DF4424F71B0D3DB40031B0FC /* GameScene.swift */ = {isa = PBXFileReference; lastKnownFileType = sourcecode.swift; path = GameScene.swift; sourceTree = "<group>"; };
		DF4424F91B0D3DB40031B0FC /* GameViewController.swift */ = {isa = PBXFileReference; lastKnownFileType = sourcecode.swift; path = GameViewController.swift; sourceTree = "<group>"; };
		DF4424FC1B0D3DB40031B0FC /* Base */ = {isa = PBXFileReference; lastKnownFileType = file.storyboard; name = Base; path = Base.lproj/Main.storyboard; sourceTree = "<group>"; };
		DF4424FE1B0D3DB40031B0FC /* Images.xcassets */ = {isa = PBXFileReference; lastKnownFileType = folder.assetcatalog; path = Images.xcassets; sourceTree = "<group>"; };
		DF4425011B0D3DB40031B0FC /* Base */ = {isa = PBXFileReference; lastKnownFileType = file.xib; name = Base; path = Base.lproj/LaunchScreen.xib; sourceTree = "<group>"; };
		DF4425071B0D3DB40031B0FC /* MadBallArenaTests.xctest */ = {isa = PBXFileReference; explicitFileType = wrapper.cfbundle; includeInIndex = 0; path = MadBallArenaTests.xctest; sourceTree = BUILT_PRODUCTS_DIR; };
		DF44250C1B0D3DB40031B0FC /* Info.plist */ = {isa = PBXFileReference; lastKnownFileType = text.plist.xml; path = Info.plist; sourceTree = "<group>"; };
		DF44250D1B0D3DB40031B0FC /* MadBallArenaTests.swift */ = {isa = PBXFileReference; lastKnownFileType = sourcecode.swift; path = MadBallArenaTests.swift; sourceTree = "<group>"; };
		DF4425211B0D40180031B0FC /* MenuScene.swift */ = {isa = PBXFileReference; fileEncoding = 4; lastKnownFileType = sourcecode.swift; path = MenuScene.swift; sourceTree = "<group>"; };
		DF4425271B0D5EB10031B0FC /* LevelSelectionScene.swift */ = {isa = PBXFileReference; fileEncoding = 4; lastKnownFileType = sourcecode.swift; path = LevelSelectionScene.swift; sourceTree = "<group>"; };
		DF4425291B0FE1790031B0FC /* Ball.swift */ = {isa = PBXFileReference; fileEncoding = 4; lastKnownFileType = sourcecode.swift; path = Ball.swift; sourceTree = "<group>"; };
		DF44252C1B0FE2470031B0FC /* NormalBall.swift */ = {isa = PBXFileReference; fileEncoding = 4; lastKnownFileType = sourcecode.swift; path = NormalBall.swift; sourceTree = "<group>"; };
		DF44252F1B0FEF890031B0FC /* LevelScene.swift */ = {isa = PBXFileReference; fileEncoding = 4; lastKnownFileType = sourcecode.swift; path = LevelScene.swift; sourceTree = "<group>"; };
		DF4425311B0FF01E0031B0FC /* LevelPanel.swift */ = {isa = PBXFileReference; fileEncoding = 4; lastKnownFileType = sourcecode.swift; path = LevelPanel.swift; sourceTree = "<group>"; };
		DF4425331B0FF1AE0031B0FC /* SKPanel.swift */ = {isa = PBXFileReference; fileEncoding = 4; lastKnownFileType = sourcecode.swift; path = SKPanel.swift; sourceTree = "<group>"; };
		DF4425451B1535050031B0FC /* background.png */ = {isa = PBXFileReference; lastKnownFileType = image.png; path = background.png; sourceTree = "<group>"; };
		DF4425461B1535050031B0FC /* image-placeholder.png */ = {isa = PBXFileReference; lastKnownFileType = image.png; path = "image-placeholder.png"; sourceTree = "<group>"; };
		DF4425471B1535050031B0FC /* initial-screen.png */ = {isa = PBXFileReference; lastKnownFileType = image.png; path = "initial-screen.png"; sourceTree = "<group>"; };
		DF4425481B1535050031B0FC /* normal-ball.png */ = {isa = PBXFileReference; lastKnownFileType = image.png; path = "normal-ball.png"; sourceTree = "<group>"; };
		DF4425491B1535050031B0FC /* spinning-ball.png */ = {isa = PBXFileReference; lastKnownFileType = image.png; path = "spinning-ball.png"; sourceTree = "<group>"; };
		DF44254A1B1535050031B0FC /* star-disabled.png */ = {isa = PBXFileReference; lastKnownFileType = image.png; path = "star-disabled.png"; sourceTree = "<group>"; };
		DF44254B1B1535050031B0FC /* star-enabled.png */ = {isa = PBXFileReference; lastKnownFileType = image.png; path = "star-enabled.png"; sourceTree = "<group>"; };
		DF67EDB51B153557004C6C49 /* Stars.swift */ = {isa = PBXFileReference; fileEncoding = 4; lastKnownFileType = sourcecode.swift; path = Stars.swift; sourceTree = "<group>"; };
		DF67EDB91B1538E3004C6C49 /* level1.json */ = {isa = PBXFileReference; fileEncoding = 4; lastKnownFileType = text.json; path = level1.json; sourceTree = "<group>"; };
		DF67EDBB1B153940004C6C49 /* levels.json */ = {isa = PBXFileReference; fileEncoding = 4; lastKnownFileType = text.json; path = levels.json; sourceTree = "<group>"; };
		DF67EDD51B153C0C004C6C49 /* libsqlite3.dylib */ = {isa = PBXFileReference; lastKnownFileType = "compiled.mach-o.dylib"; name = libsqlite3.dylib; path = usr/lib/libsqlite3.dylib; sourceTree = SDKROOT; };
		DFEE530C1B0FFDF700408F7E /* bg_circle.png */ = {isa = PBXFileReference; lastKnownFileType = image.png; path = bg_circle.png; sourceTree = "<group>"; };
		DFEE530D1B0FFDF700408F7E /* bg_rect.png */ = {isa = PBXFileReference; lastKnownFileType = image.png; path = bg_rect.png; sourceTree = "<group>"; };
/* End PBXFileReference section */

/* Begin PBXFrameworksBuildPhase section */
		DF4424EB1B0D3DB40031B0FC /* Frameworks */ = {
			isa = PBXFrameworksBuildPhase;
			buildActionMask = 2147483647;
			files = (
			);
			runOnlyForDeploymentPostprocessing = 0;
		};
		DF4425041B0D3DB40031B0FC /* Frameworks */ = {
			isa = PBXFrameworksBuildPhase;
			buildActionMask = 2147483647;
			files = (
			);
			runOnlyForDeploymentPostprocessing = 0;
		};
/* End PBXFrameworksBuildPhase section */

/* Begin PBXGroup section */
		90F3A56D1B0D4F26003FFDFD /* Components */ = {
			isa = PBXGroup;
			children = (
				DF4425331B0FF1AE0031B0FC /* SKPanel.swift */,
				90F3A56E1B0D4F52003FFDFD /* SKButton.swift */,
			);
			name = Components;
			sourceTree = "<group>";
		};
		DF4424E51B0D3DB40031B0FC = {
			isa = PBXGroup;
			children = (
				DF67EDD51B153C0C004C6C49 /* libsqlite3.dylib */,
				DF4424F01B0D3DB40031B0FC /* MadBallArena */,
				DF44250A1B0D3DB40031B0FC /* MadBallArenaTests */,
				DF4424EF1B0D3DB40031B0FC /* Products */,
			);
			sourceTree = "<group>";
		};
		DF4424EF1B0D3DB40031B0FC /* Products */ = {
			isa = PBXGroup;
			children = (
				DF4424EE1B0D3DB40031B0FC /* MadBallArena.app */,
				DF4425071B0D3DB40031B0FC /* MadBallArenaTests.xctest */,
			);
			name = Products;
			sourceTree = "<group>";
		};
		DF4424F01B0D3DB40031B0FC /* MadBallArena */ = {
			isa = PBXGroup;
			children = (
				DF4425181B0D3F250031B0FC /* Resources */,
				90F3A56D1B0D4F26003FFDFD /* Components */,
				DF4425241B0D42200031B0FC /* GameObjects */,
				DF44251F1B0D3F9F0031B0FC /* Controllers */,
				DF4425171B0D3F1D0031B0FC /* Scenes */,
				DF4424F31B0D3DB40031B0FC /* AppDelegate.swift */,
				DF4424FB1B0D3DB40031B0FC /* Main.storyboard */,
				DF4424FE1B0D3DB40031B0FC /* Images.xcassets */,
				DF4425001B0D3DB40031B0FC /* LaunchScreen.xib */,
				DF4424F11B0D3DB40031B0FC /* Supporting Files */,
			);
			path = MadBallArena;
			sourceTree = "<group>";
		};
		DF4424F11B0D3DB40031B0FC /* Supporting Files */ = {
			isa = PBXGroup;
			children = (
				DF4424F21B0D3DB40031B0FC /* Info.plist */,
			);
			name = "Supporting Files";
			sourceTree = "<group>";
		};
		DF44250A1B0D3DB40031B0FC /* MadBallArenaTests */ = {
			isa = PBXGroup;
			children = (
				DF44250D1B0D3DB40031B0FC /* MadBallArenaTests.swift */,
				DF44250B1B0D3DB40031B0FC /* Supporting Files */,
			);
			path = MadBallArenaTests;
			sourceTree = "<group>";
		};
		DF44250B1B0D3DB40031B0FC /* Supporting Files */ = {
			isa = PBXGroup;
			children = (
				DF44250C1B0D3DB40031B0FC /* Info.plist */,
			);
			name = "Supporting Files";
			sourceTree = "<group>";
		};
		DF4425171B0D3F1D0031B0FC /* Scenes */ = {
			isa = PBXGroup;
			children = (
				DF4425201B0D40060031B0FC /* Super */,
				DF4425231B0D41E70031B0FC /* Levels */,
				DF4425211B0D40180031B0FC /* MenuScene.swift */,
				DF4425271B0D5EB10031B0FC /* LevelSelectionScene.swift */,
				DF44252F1B0FEF890031B0FC /* LevelScene.swift */,
			);
			name = Scenes;
			sourceTree = "<group>";
		};
		DF4425181B0D3F250031B0FC /* Resources */ = {
			isa = PBXGroup;
			children = (
				DF44251A1B0D3F380031B0FC /* Levels */,
				DF4425191B0D3F300031B0FC /* Images */,
				DF67EDBB1B153940004C6C49 /* levels.json */,
			);
			name = Resources;
			sourceTree = "<group>";
		};
		DF4425191B0D3F300031B0FC /* Images */ = {
			isa = PBXGroup;
			children = (
				DF4425451B1535050031B0FC /* background.png */,
				DF4425461B1535050031B0FC /* image-placeholder.png */,
				DF4425471B1535050031B0FC /* initial-screen.png */,
				DF4425481B1535050031B0FC /* normal-ball.png */,
				DF4425491B1535050031B0FC /* spinning-ball.png */,
				DF44254A1B1535050031B0FC /* star-disabled.png */,
				DF44254B1B1535050031B0FC /* star-enabled.png */,
				90F3A5721B0FC295003FFDFD /* button.png */,
				90F3A57E1B114456003FFDFD /* close.png */,
				DFEE530C1B0FFDF700408F7E /* bg_circle.png */,
				90F3A57C1B1143F5003FFDFD /* space.png */,
				DFEE530D1B0FFDF700408F7E /* bg_rect.png */,
			);
			name = Images;
			sourceTree = "<group>";
		};
		DF44251A1B0D3F380031B0FC /* Levels */ = {
			isa = PBXGroup;
			children = (
				DF44251B1B0D3F3F0031B0FC /* Level1 */,
			);
			name = Levels;
			sourceTree = "<group>";
		};
		DF44251B1B0D3F3F0031B0FC /* Level1 */ = {
			isa = PBXGroup;
			children = (
				DF44251D1B0D3F560031B0FC /* Assets */,
				DF44251C1B0D3F4B0031B0FC /* Data */,
				DF67EDB91B1538E3004C6C49 /* level1.json */,
			);
			name = Level1;
			sourceTree = "<group>";
		};
		DF44251C1B0D3F4B0031B0FC /* Data */ = {
			isa = PBXGroup;
			children = (
			);
			name = Data;
			sourceTree = "<group>";
		};
		DF44251D1B0D3F560031B0FC /* Assets */ = {
			isa = PBXGroup;
			children = (
			);
			name = Assets;
			sourceTree = "<group>";
		};
		DF44251F1B0D3F9F0031B0FC /* Controllers */ = {
			isa = PBXGroup;
			children = (
				DF4424F91B0D3DB40031B0FC /* GameViewController.swift */,
			);
			name = Controllers;
			sourceTree = "<group>";
		};
		DF4425201B0D40060031B0FC /* Super */ = {
			isa = PBXGroup;
			children = (
				DF4424F71B0D3DB40031B0FC /* GameScene.swift */,
			);
			name = Super;
			sourceTree = "<group>";
		};
		DF4425231B0D41E70031B0FC /* Levels */ = {
			isa = PBXGroup;
			children = (
			);
			name = Levels;
			sourceTree = "<group>";
		};
		DF4425241B0D42200031B0FC /* GameObjects */ = {
			isa = PBXGroup;
			children = (
				DF44252E1B0FEF4B0031B0FC /* Elements */,
				DF4425261B0D42340031B0FC /* Hole */,
				DF4425251B0D422C0031B0FC /* Ball */,
			);
			name = GameObjects;
			sourceTree = "<group>";
		};
		DF4425251B0D422C0031B0FC /* Ball */ = {
			isa = PBXGroup;
			children = (
				DF44252B1B0FE22F0031B0FC /* Super */,
				DF44252C1B0FE2470031B0FC /* NormalBall.swift */,
			);
			name = Ball;
			sourceTree = "<group>";
		};
		DF4425261B0D42340031B0FC /* Hole */ = {
			isa = PBXGroup;
			children = (
			);
			name = Hole;
			sourceTree = "<group>";
		};
		DF44252B1B0FE22F0031B0FC /* Super */ = {
			isa = PBXGroup;
			children = (
				DF4425291B0FE1790031B0FC /* Ball.swift */,
			);
			name = Super;
			sourceTree = "<group>";
		};
		DF44252E1B0FEF4B0031B0FC /* Elements */ = {
			isa = PBXGroup;
			children = (
				DF67EDB51B153557004C6C49 /* Stars.swift */,
				DF4425311B0FF01E0031B0FC /* LevelPanel.swift */,
				90F3A5811B13CEF6003FFDFD /* OptionPanel.swift */,
				90F3A5851B1546C5003FFDFD /* LevelData.swift */,
				90F3A5871B1546E3003FFDFD /* LevelStore.swift */,
			);
			name = Elements;
			sourceTree = "<group>";
		};
/* End PBXGroup section */

/* Begin PBXNativeTarget section */
		DF4424ED1B0D3DB40031B0FC /* MadBallArena */ = {
			isa = PBXNativeTarget;
			buildConfigurationList = DF4425111B0D3DB40031B0FC /* Build configuration list for PBXNativeTarget "MadBallArena" */;
			buildPhases = (
				DF4424EA1B0D3DB40031B0FC /* Sources */,
				DF4424EB1B0D3DB40031B0FC /* Frameworks */,
				DF4424EC1B0D3DB40031B0FC /* Resources */,
			);
			buildRules = (
			);
			dependencies = (
			);
			name = MadBallArena;
			productName = MadBallArena;
			productReference = DF4424EE1B0D3DB40031B0FC /* MadBallArena.app */;
			productType = "com.apple.product-type.application";
		};
		DF4425061B0D3DB40031B0FC /* MadBallArenaTests */ = {
			isa = PBXNativeTarget;
			buildConfigurationList = DF4425141B0D3DB40031B0FC /* Build configuration list for PBXNativeTarget "MadBallArenaTests" */;
			buildPhases = (
				DF4425031B0D3DB40031B0FC /* Sources */,
				DF4425041B0D3DB40031B0FC /* Frameworks */,
				DF4425051B0D3DB40031B0FC /* Resources */,
			);
			buildRules = (
			);
			dependencies = (
				DF4425091B0D3DB40031B0FC /* PBXTargetDependency */,
			);
			name = MadBallArenaTests;
			productName = MadBallArenaTests;
			productReference = DF4425071B0D3DB40031B0FC /* MadBallArenaTests.xctest */;
			productType = "com.apple.product-type.bundle.unit-test";
		};
/* End PBXNativeTarget section */

/* Begin PBXProject section */
		DF4424E61B0D3DB40031B0FC /* Project object */ = {
			isa = PBXProject;
			attributes = {
				LastUpgradeCheck = 0630;
				ORGANIZATIONNAME = "Victor Georg";
				TargetAttributes = {
					DF4424ED1B0D3DB40031B0FC = {
						CreatedOnToolsVersion = 6.3.2;
					};
					DF4425061B0D3DB40031B0FC = {
						CreatedOnToolsVersion = 6.3.2;
						TestTargetID = DF4424ED1B0D3DB40031B0FC;
					};
				};
			};
			buildConfigurationList = DF4424E91B0D3DB40031B0FC /* Build configuration list for PBXProject "MadBallArena" */;
			compatibilityVersion = "Xcode 3.2";
			developmentRegion = English;
			hasScannedForEncodings = 0;
			knownRegions = (
				en,
				Base,
			);
			mainGroup = DF4424E51B0D3DB40031B0FC;
			productRefGroup = DF4424EF1B0D3DB40031B0FC /* Products */;
			projectDirPath = "";
			projectRoot = "";
			targets = (
				DF4424ED1B0D3DB40031B0FC /* MadBallArena */,
				DF4425061B0D3DB40031B0FC /* MadBallArenaTests */,
			);
		};
/* End PBXProject section */

/* Begin PBXResourcesBuildPhase section */
		DF4424EC1B0D3DB40031B0FC /* Resources */ = {
			isa = PBXResourcesBuildPhase;
			buildActionMask = 2147483647;
			files = (
				DF4425021B0D3DB40031B0FC /* LaunchScreen.xib in Resources */,
				DF44254D1B1535050031B0FC /* image-placeholder.png in Resources */,
				90F3A57D1B1143F5003FFDFD /* space.png in Resources */,
				DF67EDBA1B1538E3004C6C49 /* level1.json in Resources */,
				DF44254F1B1535050031B0FC /* normal-ball.png in Resources */,
				90F3A5731B0FC295003FFDFD /* button.png in Resources */,
				DF67EDBC1B153940004C6C49 /* levels.json in Resources */,
				DFEE530E1B0FFDF700408F7E /* bg_circle.png in Resources */,
				DF44254E1B1535050031B0FC /* initial-screen.png in Resources */,
				DFEE530F1B0FFDF700408F7E /* bg_rect.png in Resources */,
				DF4425521B1535050031B0FC /* star-enabled.png in Resources */,
				DF4424FF1B0D3DB40031B0FC /* Images.xcassets in Resources */,
				90F3A57F1B114456003FFDFD /* close.png in Resources */,
				DF4425501B1535050031B0FC /* spinning-ball.png in Resources */,
				DF44254C1B1535050031B0FC /* background.png in Resources */,
				DF4424FD1B0D3DB40031B0FC /* Main.storyboard in Resources */,
				DF4425511B1535050031B0FC /* star-disabled.png in Resources */,
			);
			runOnlyForDeploymentPostprocessing = 0;
		};
		DF4425051B0D3DB40031B0FC /* Resources */ = {
			isa = PBXResourcesBuildPhase;
			buildActionMask = 2147483647;
			files = (
			);
			runOnlyForDeploymentPostprocessing = 0;
		};
/* End PBXResourcesBuildPhase section */

/* Begin PBXSourcesBuildPhase section */
		DF4424EA1B0D3DB40031B0FC /* Sources */ = {
			isa = PBXSourcesBuildPhase;
			buildActionMask = 2147483647;
			files = (
				DF4425281B0D5EB10031B0FC /* LevelSelectionScene.swift in Sources */,
				90F3A56F1B0D4F52003FFDFD /* SKButton.swift in Sources */,
				DF4424F81B0D3DB40031B0FC /* GameScene.swift in Sources */,
				DF4424FA1B0D3DB40031B0FC /* GameViewController.swift in Sources */,
				DF4425341B0FF1AE0031B0FC /* SKPanel.swift in Sources */,
				90F3A5821B13CEF6003FFDFD /* OptionPanel.swift in Sources */,
				DF4424F41B0D3DB40031B0FC /* AppDelegate.swift in Sources */,
				DF4425321B0FF01E0031B0FC /* LevelPanel.swift in Sources */,
				90F3A5861B1546C5003FFDFD /* LevelData.swift in Sources */,
				DF44252D1B0FE2470031B0FC /* NormalBall.swift in Sources */,
				DF67EDB61B153557004C6C49 /* Stars.swift in Sources */,
				90F3A5881B1546E3003FFDFD /* LevelStore.swift in Sources */,
				DF4425301B0FEF890031B0FC /* LevelScene.swift in Sources */,
				DF44252A1B0FE1790031B0FC /* Ball.swift in Sources */,
				DF4425221B0D40180031B0FC /* MenuScene.swift in Sources */,
			);
			runOnlyForDeploymentPostprocessing = 0;
		};
		DF4425031B0D3DB40031B0FC /* Sources */ = {
			isa = PBXSourcesBuildPhase;
			buildActionMask = 2147483647;
			files = (
				DF44250E1B0D3DB40031B0FC /* MadBallArenaTests.swift in Sources */,
			);
			runOnlyForDeploymentPostprocessing = 0;
		};
/* End PBXSourcesBuildPhase section */

/* Begin PBXTargetDependency section */
		DF4425091B0D3DB40031B0FC /* PBXTargetDependency */ = {
			isa = PBXTargetDependency;
			target = DF4424ED1B0D3DB40031B0FC /* MadBallArena */;
			targetProxy = DF4425081B0D3DB40031B0FC /* PBXContainerItemProxy */;
		};
/* End PBXTargetDependency section */

/* Begin PBXVariantGroup section */
		DF4424FB1B0D3DB40031B0FC /* Main.storyboard */ = {
			isa = PBXVariantGroup;
			children = (
				DF4424FC1B0D3DB40031B0FC /* Base */,
			);
			name = Main.storyboard;
			sourceTree = "<group>";
		};
		DF4425001B0D3DB40031B0FC /* LaunchScreen.xib */ = {
			isa = PBXVariantGroup;
			children = (
				DF4425011B0D3DB40031B0FC /* Base */,
			);
			name = LaunchScreen.xib;
			sourceTree = "<group>";
		};
/* End PBXVariantGroup section */

/* Begin XCBuildConfiguration section */
		DF44250F1B0D3DB40031B0FC /* Debug */ = {
			isa = XCBuildConfiguration;
			buildSettings = {
				ALWAYS_SEARCH_USER_PATHS = NO;
				CLANG_CXX_LANGUAGE_STANDARD = "gnu++0x";
				CLANG_CXX_LIBRARY = "libc++";
				CLANG_ENABLE_MODULES = YES;
				CLANG_ENABLE_OBJC_ARC = YES;
				CLANG_WARN_BOOL_CONVERSION = YES;
				CLANG_WARN_CONSTANT_CONVERSION = YES;
				CLANG_WARN_DIRECT_OBJC_ISA_USAGE = YES_ERROR;
				CLANG_WARN_EMPTY_BODY = YES;
				CLANG_WARN_ENUM_CONVERSION = YES;
				CLANG_WARN_INT_CONVERSION = YES;
				CLANG_WARN_OBJC_ROOT_CLASS = YES_ERROR;
				CLANG_WARN_UNREACHABLE_CODE = YES;
				CLANG_WARN__DUPLICATE_METHOD_MATCH = YES;
				"CODE_SIGN_IDENTITY[sdk=iphoneos*]" = "iPhone Developer";
				COPY_PHASE_STRIP = NO;
				DEBUG_INFORMATION_FORMAT = "dwarf-with-dsym";
				ENABLE_STRICT_OBJC_MSGSEND = YES;
				GCC_C_LANGUAGE_STANDARD = gnu99;
				GCC_DYNAMIC_NO_PIC = NO;
				GCC_NO_COMMON_BLOCKS = YES;
				GCC_OPTIMIZATION_LEVEL = 0;
				GCC_PREPROCESSOR_DEFINITIONS = (
					"DEBUG=1",
					"$(inherited)",
				);
				GCC_SYMBOLS_PRIVATE_EXTERN = NO;
				GCC_WARN_64_TO_32_BIT_CONVERSION = YES;
				GCC_WARN_ABOUT_RETURN_TYPE = YES_ERROR;
				GCC_WARN_UNDECLARED_SELECTOR = YES;
				GCC_WARN_UNINITIALIZED_AUTOS = YES_AGGRESSIVE;
				GCC_WARN_UNUSED_FUNCTION = YES;
				GCC_WARN_UNUSED_VARIABLE = YES;
				IPHONEOS_DEPLOYMENT_TARGET = 8.3;
				MTL_ENABLE_DEBUG_INFO = YES;
				ONLY_ACTIVE_ARCH = YES;
				SDKROOT = iphoneos;
				SWIFT_OPTIMIZATION_LEVEL = "-Onone";
				TARGETED_DEVICE_FAMILY = "1,2";
			};
			name = Debug;
		};
		DF4425101B0D3DB40031B0FC /* Release */ = {
			isa = XCBuildConfiguration;
			buildSettings = {
				ALWAYS_SEARCH_USER_PATHS = NO;
				CLANG_CXX_LANGUAGE_STANDARD = "gnu++0x";
				CLANG_CXX_LIBRARY = "libc++";
				CLANG_ENABLE_MODULES = YES;
				CLANG_ENABLE_OBJC_ARC = YES;
				CLANG_WARN_BOOL_CONVERSION = YES;
				CLANG_WARN_CONSTANT_CONVERSION = YES;
				CLANG_WARN_DIRECT_OBJC_ISA_USAGE = YES_ERROR;
				CLANG_WARN_EMPTY_BODY = YES;
				CLANG_WARN_ENUM_CONVERSION = YES;
				CLANG_WARN_INT_CONVERSION = YES;
				CLANG_WARN_OBJC_ROOT_CLASS = YES_ERROR;
				CLANG_WARN_UNREACHABLE_CODE = YES;
				CLANG_WARN__DUPLICATE_METHOD_MATCH = YES;
				"CODE_SIGN_IDENTITY[sdk=iphoneos*]" = "iPhone Developer";
				COPY_PHASE_STRIP = NO;
				DEBUG_INFORMATION_FORMAT = "dwarf-with-dsym";
				ENABLE_NS_ASSERTIONS = NO;
				ENABLE_STRICT_OBJC_MSGSEND = YES;
				GCC_C_LANGUAGE_STANDARD = gnu99;
				GCC_NO_COMMON_BLOCKS = YES;
				GCC_WARN_64_TO_32_BIT_CONVERSION = YES;
				GCC_WARN_ABOUT_RETURN_TYPE = YES_ERROR;
				GCC_WARN_UNDECLARED_SELECTOR = YES;
				GCC_WARN_UNINITIALIZED_AUTOS = YES_AGGRESSIVE;
				GCC_WARN_UNUSED_FUNCTION = YES;
				GCC_WARN_UNUSED_VARIABLE = YES;
				IPHONEOS_DEPLOYMENT_TARGET = 8.3;
				MTL_ENABLE_DEBUG_INFO = NO;
				SDKROOT = iphoneos;
				TARGETED_DEVICE_FAMILY = "1,2";
				VALIDATE_PRODUCT = YES;
			};
			name = Release;
		};
		DF4425121B0D3DB40031B0FC /* Debug */ = {
			isa = XCBuildConfiguration;
			buildSettings = {
				ASSETCATALOG_COMPILER_APPICON_NAME = AppIcon;
				INFOPLIST_FILE = MadBallArena/Info.plist;
				LD_RUNPATH_SEARCH_PATHS = "$(inherited) @executable_path/Frameworks";
				PRODUCT_NAME = "$(TARGET_NAME)";
				TARGETED_DEVICE_FAMILY = "1,2";
			};
			name = Debug;
		};
		DF4425131B0D3DB40031B0FC /* Release */ = {
			isa = XCBuildConfiguration;
			buildSettings = {
				ASSETCATALOG_COMPILER_APPICON_NAME = AppIcon;
				INFOPLIST_FILE = MadBallArena/Info.plist;
				LD_RUNPATH_SEARCH_PATHS = "$(inherited) @executable_path/Frameworks";
				PRODUCT_NAME = "$(TARGET_NAME)";
				TARGETED_DEVICE_FAMILY = "1,2";
			};
			name = Release;
		};
		DF4425151B0D3DB40031B0FC /* Debug */ = {
			isa = XCBuildConfiguration;
			buildSettings = {
				BUNDLE_LOADER = "$(TEST_HOST)";
				FRAMEWORK_SEARCH_PATHS = (
					"$(SDKROOT)/Developer/Library/Frameworks",
					"$(inherited)",
				);
				GCC_PREPROCESSOR_DEFINITIONS = (
					"DEBUG=1",
					"$(inherited)",
				);
				INFOPLIST_FILE = MadBallArenaTests/Info.plist;
				LD_RUNPATH_SEARCH_PATHS = "$(inherited) @executable_path/Frameworks @loader_path/Frameworks";
				PRODUCT_NAME = "$(TARGET_NAME)";
				TEST_HOST = "$(BUILT_PRODUCTS_DIR)/MadBallArena.app/MadBallArena";
			};
			name = Debug;
		};
		DF4425161B0D3DB40031B0FC /* Release */ = {
			isa = XCBuildConfiguration;
			buildSettings = {
				BUNDLE_LOADER = "$(TEST_HOST)";
				FRAMEWORK_SEARCH_PATHS = (
					"$(SDKROOT)/Developer/Library/Frameworks",
					"$(inherited)",
				);
				INFOPLIST_FILE = MadBallArenaTests/Info.plist;
				LD_RUNPATH_SEARCH_PATHS = "$(inherited) @executable_path/Frameworks @loader_path/Frameworks";
				PRODUCT_NAME = "$(TARGET_NAME)";
				TEST_HOST = "$(BUILT_PRODUCTS_DIR)/MadBallArena.app/MadBallArena";
			};
			name = Release;
		};
/* End XCBuildConfiguration section */

/* Begin XCConfigurationList section */
		DF4424E91B0D3DB40031B0FC /* Build configuration list for PBXProject "MadBallArena" */ = {
			isa = XCConfigurationList;
			buildConfigurations = (
				DF44250F1B0D3DB40031B0FC /* Debug */,
				DF4425101B0D3DB40031B0FC /* Release */,
			);
			defaultConfigurationIsVisible = 0;
			defaultConfigurationName = Release;
		};
		DF4425111B0D3DB40031B0FC /* Build configuration list for PBXNativeTarget "MadBallArena" */ = {
			isa = XCConfigurationList;
			buildConfigurations = (
				DF4425121B0D3DB40031B0FC /* Debug */,
				DF4425131B0D3DB40031B0FC /* Release */,
			);
			defaultConfigurationIsVisible = 0;
			defaultConfigurationName = Release;
		};
		DF4425141B0D3DB40031B0FC /* Build configuration list for PBXNativeTarget "MadBallArenaTests" */ = {
			isa = XCConfigurationList;
			buildConfigurations = (
				DF4425151B0D3DB40031B0FC /* Debug */,
				DF4425161B0D3DB40031B0FC /* Release */,
			);
			defaultConfigurationIsVisible = 0;
			defaultConfigurationName = Release;
		};
/* End XCConfigurationList section */
	};
	rootObject = DF4424E61B0D3DB40031B0FC /* Project object */;
}
